
Microsoft Visual Studio Solution File, Format Version 9.00
# Visual Studio 2005
Project("{FAE04EC0-301F-11D3-BF4B-00C04F79EFBC}") = "MapTileBright", "MapTileBright\MapTileBright.csproj", "{F3B6C082-A665-4F37-A794-8BA6E69BA840}"
EndProject
Global
	GlobalSection(SolutionConfigurationPlatforms) = preSolution
		Debug|Any CPU = Debug|Any CPU
		Release|Any CPU = Release|Any CPU
	EndGlobalSection
	GlobalSection(ProjectConfigurationPlatforms) = postSolution
		{F3B6C082-A665-4F37-A794-8BA6E69BA840}.Debug|Any CPU.ActiveCfg = Debug|Any CPU
		{F3B6C082-A665-4F37-A794-8BA6E69BA840}.Debug|Any CPU.Build.0 = Debug|Any CPU
		{F3B6C082-A665-4F37-A794-8BA6E69BA840}.Release|Any CPU.ActiveCfg = Release|Any CPU
		{F3B6C082-A665-4F37-A794-8BA6E69BA840}.Release|Any CPU.Build.0 = Release|Any CPU
	EndGlobalSection
	GlobalSection(SolutionProperties) = preSolution
		HideSolutionNode = FALSE
	EndGlobalSection
EndGlobal
